
Microsoft Visual Studio Solution File, Format Version 12.00
# Visual Studio Version 16
VisualStudioVersion = 16.0.29318.209
MinimumVisualStudioVersion = 10.0.40219.1
Project("{2150E333-8FDC-42A3-9474-1A3956D46DE8}") = "src", "src", "{71E45B99-D66E-41C2-AF73-7B1955DDC5CF}"
EndProject
Project("{2150E333-8FDC-42A3-9474-1A3956D46DE8}") = "1-UI", "1-UI", "{84F09736-D23E-4134-9536-BAC3913989A0}"
EndProject
Project("{2150E333-8FDC-42A3-9474-1A3956D46DE8}") = "2-Domain", "2-Domain", "{E3E1DFCB-5D2C-4368-9512-537ED1B48CA0}"
EndProject
Project("{2150E333-8FDC-42A3-9474-1A3956D46DE8}") = "3-Infrastructure", "3-Infrastructure", "{F16557BA-F6EB-4F4E-BC54-DDE6A9639157}"
EndProject
Project("{2150E333-8FDC-42A3-9474-1A3956D46DE8}") = "0-API", "0-API", "{F6A5B450-A0C6-4C66-80D8-6F0D905A29CC}"
EndProject
Project("{9A19103F-16F7-4668-BE54-9A1E7A4F7556}") = "GerFin.ApplicationCore", "src\ApplicationCore\GerFin.ApplicationCore.csproj", "{C92971EA-9B3D-4DB4-997D-34B9F080A651}"
EndProject
Project("{9A19103F-16F7-4668-BE54-9A1E7A4F7556}") = "GerFin.Infrastructure", "src\GerFin.Infrastructure\GerFin.Infrastructure.csproj", "{6121103C-E770-4008-A986-3E17B7173FC6}"
EndProject
Project("{9A19103F-16F7-4668-BE54-9A1E7A4F7556}") = "GerFin.UI.Web.React", "src\GerFin.UI.Web\GerFin.UI.Web.React.csproj", "{BEF6234B-7669-461E-A276-5747BB9E56C7}"
EndProject
Project("{9A19103F-16F7-4668-BE54-9A1E7A4F7556}") = "GerFin.API", "src\GerFin.API\GerFin.API.csproj", "{82133DEC-9BC6-48C7-909B-EFED32E336C0}"
EndProject
Project("{2150E333-8FDC-42A3-9474-1A3956D46DE8}") = "test", "test", "{61B75A0A-35EA-4149-91F9-68CBAB069ECA}"
EndProject
Project("{2150E333-8FDC-42A3-9474-1A3956D46DE8}") = "src", "src", "{67B25313-B5CF-4A5D-BE68-D78B5B90FAEA}"
EndProject
Project("{9A19103F-16F7-4668-BE54-9A1E7A4F7556}") = "GerFinDomainTest", "GerFinTest\GerFinDomainTest.csproj", "{DD4481C4-9A42-4F68-9A27-53E301B9B887}"
EndProject
Project("{2150E333-8FDC-42A3-9474-1A3956D46DE8}") = "Domain", "Domain", "{DF6EA82B-CDE6-492E-B4C5-E4E684B456AC}"
EndProject
Project("{2150E333-8FDC-42A3-9474-1A3956D46DE8}") = "4-IoC", "4-IoC", "{C5DCD799-2D52-43C4-8B90-4CAA02F5D6C0}"
EndProject
Project("{9A19103F-16F7-4668-BE54-9A1E7A4F7556}") = "GerFin.IoC", "src\GerFin.IoC\GerFin.IoC.csproj", "{A4BA853D-5005-479F-8FFE-C2E2C3CB8F47}"
EndProject
Project("{FAE04EC0-301F-11D3-BF4B-00C04F79EFBC}") = "Gerfin.Ui.Web.MVC", "src\Gerfin.Ui.Web.MVC\Gerfin.Ui.Web.MVC.csproj", "{A265458D-4A9E-4F05-BBB4-89A4E537607C}"
EndProject
Global
	GlobalSection(SolutionConfigurationPlatforms) = preSolution
		Debug|Any CPU = Debug|Any CPU
		Release|Any CPU = Release|Any CPU
	EndGlobalSection
	GlobalSection(ProjectConfigurationPlatforms) = postSolution
		{C92971EA-9B3D-4DB4-997D-34B9F080A651}.Debug|Any CPU.ActiveCfg = Debug|Any CPU
		{C92971EA-9B3D-4DB4-997D-34B9F080A651}.Debug|Any CPU.Build.0 = Debug|Any CPU
		{C92971EA-9B3D-4DB4-997D-34B9F080A651}.Release|Any CPU.ActiveCfg = Release|Any CPU
		{C92971EA-9B3D-4DB4-997D-34B9F080A651}.Release|Any CPU.Build.0 = Release|Any CPU
		{6121103C-E770-4008-A986-3E17B7173FC6}.Debug|Any CPU.ActiveCfg = Debug|Any CPU
		{6121103C-E770-4008-A986-3E17B7173FC6}.Debug|Any CPU.Build.0 = Debug|Any CPU
		{6121103C-E770-4008-A986-3E17B7173FC6}.Release|Any CPU.ActiveCfg = Release|Any CPU
		{6121103C-E770-4008-A986-3E17B7173FC6}.Release|Any CPU.Build.0 = Release|Any CPU
		{BEF6234B-7669-461E-A276-5747BB9E56C7}.Debug|Any CPU.ActiveCfg = Debug|Any CPU
		{BEF6234B-7669-461E-A276-5747BB9E56C7}.Debug|Any CPU.Build.0 = Debug|Any CPU
		{BEF6234B-7669-461E-A276-5747BB9E56C7}.Release|Any CPU.ActiveCfg = Release|Any CPU
		{BEF6234B-7669-461E-A276-5747BB9E56C7}.Release|Any CPU.Build.0 = Release|Any CPU
		{82133DEC-9BC6-48C7-909B-EFED32E336C0}.Debug|Any CPU.ActiveCfg = Debug|Any CPU
		{82133DEC-9BC6-48C7-909B-EFED32E336C0}.Debug|Any CPU.Build.0 = Debug|Any CPU
		{82133DEC-9BC6-48C7-909B-EFED32E336C0}.Release|Any CPU.ActiveCfg = Release|Any CPU
		{82133DEC-9BC6-48C7-909B-EFED32E336C0}.Release|Any CPU.Build.0 = Release|Any CPU
		{DD4481C4-9A42-4F68-9A27-53E301B9B887}.Debug|Any CPU.ActiveCfg = Debug|Any CPU
		{DD4481C4-9A42-4F68-9A27-53E301B9B887}.Debug|Any CPU.Build.0 = Debug|Any CPU
		{DD4481C4-9A42-4F68-9A27-53E301B9B887}.Release|Any CPU.ActiveCfg = Release|Any CPU
		{DD4481C4-9A42-4F68-9A27-53E301B9B887}.Release|Any CPU.Build.0 = Release|Any CPU
		{A4BA853D-5005-479F-8FFE-C2E2C3CB8F47}.Debug|Any CPU.ActiveCfg = Debug|Any CPU
		{A4BA853D-5005-479F-8FFE-C2E2C3CB8F47}.Debug|Any CPU.Build.0 = Debug|Any CPU
		{A4BA853D-5005-479F-8FFE-C2E2C3CB8F47}.Release|Any CPU.ActiveCfg = Release|Any CPU
		{A4BA853D-5005-479F-8FFE-C2E2C3CB8F47}.Release|Any CPU.Build.0 = Release|Any CPU
		{A265458D-4A9E-4F05-BBB4-89A4E537607C}.Debug|Any CPU.ActiveCfg = Debug|Any CPU
		{A265458D-4A9E-4F05-BBB4-89A4E537607C}.Debug|Any CPU.Build.0 = Debug|Any CPU
		{A265458D-4A9E-4F05-BBB4-89A4E537607C}.Release|Any CPU.ActiveCfg = Release|Any CPU
		{A265458D-4A9E-4F05-BBB4-89A4E537607C}.Release|Any CPU.Build.0 = Release|Any CPU
	EndGlobalSection
	GlobalSection(SolutionProperties) = preSolution
		HideSolutionNode = FALSE
	EndGlobalSection
	GlobalSection(NestedProjects) = preSolution
		{84F09736-D23E-4134-9536-BAC3913989A0} = {71E45B99-D66E-41C2-AF73-7B1955DDC5CF}
		{E3E1DFCB-5D2C-4368-9512-537ED1B48CA0} = {71E45B99-D66E-41C2-AF73-7B1955DDC5CF}
		{F16557BA-F6EB-4F4E-BC54-DDE6A9639157} = {71E45B99-D66E-41C2-AF73-7B1955DDC5CF}
		{F6A5B450-A0C6-4C66-80D8-6F0D905A29CC} = {71E45B99-D66E-41C2-AF73-7B1955DDC5CF}
		{C92971EA-9B3D-4DB4-997D-34B9F080A651} = {E3E1DFCB-5D2C-4368-9512-537ED1B48CA0}
		{6121103C-E770-4008-A986-3E17B7173FC6} = {F16557BA-F6EB-4F4E-BC54-DDE6A9639157}
		{BEF6234B-7669-461E-A276-5747BB9E56C7} = {84F09736-D23E-4134-9536-BAC3913989A0}
		{82133DEC-9BC6-48C7-909B-EFED32E336C0} = {F6A5B450-A0C6-4C66-80D8-6F0D905A29CC}
		{67B25313-B5CF-4A5D-BE68-D78B5B90FAEA} = {61B75A0A-35EA-4149-91F9-68CBAB069ECA}
		{DD4481C4-9A42-4F68-9A27-53E301B9B887} = {67B25313-B5CF-4A5D-BE68-D78B5B90FAEA}
		{DF6EA82B-CDE6-492E-B4C5-E4E684B456AC} = {67B25313-B5CF-4A5D-BE68-D78B5B90FAEA}
		{C5DCD799-2D52-43C4-8B90-4CAA02F5D6C0} = {71E45B99-D66E-41C2-AF73-7B1955DDC5CF}
		{A4BA853D-5005-479F-8FFE-C2E2C3CB8F47} = {C5DCD799-2D52-43C4-8B90-4CAA02F5D6C0}
		{A265458D-4A9E-4F05-BBB4-89A4E537607C} = {84F09736-D23E-4134-9536-BAC3913989A0}
	EndGlobalSection
	GlobalSection(ExtensibilityGlobals) = postSolution
		SolutionGuid = {5CFEE9D5-358A-4E30-A0FB-F9F421F8639F}
	EndGlobalSection
EndGlobal
